
Microsoft Visual Studio Solution File, Format Version 12.00
# Visual Studio Version 16
VisualStudioVersion = 16.0.30523.141
MinimumVisualStudioVersion = 10.0.40219.1
Project("{FAE04EC0-301F-11D3-BF4B-00C04F79EFBC}") = "MobileHR.Android", "MobileHR\MobileHR.Android\MobileHR.Android.csproj", "{53860FF7-FDBF-428D-8163-A0975BCA031F}"
EndProject
Project("{FAE04EC0-301F-11D3-BF4B-00C04F79EFBC}") = "MobileHR.iOS", "MobileHR\MobileHR.iOS\MobileHR.iOS.csproj", "{DF1D4480-2A3B-42CA-B503-1544DB670668}"
EndProject
Project("{FAE04EC0-301F-11D3-BF4B-00C04F79EFBC}") = "MobileHR", "MobileHR\MobileHR\MobileHR.csproj", "{E07BB5B9-C1FC-4CA6-B37D-E51427BCB38A}"
EndProject
Project("{FAE04EC0-301F-11D3-BF4B-00C04F79EFBC}") = "WcfMobileHR", "WcfMobileHR\WcfMobileHR.csproj", "{5F6FB87E-3EA5-4B2A-9D0B-C04518D2A8D7}"
EndProject
Global
	GlobalSection(SolutionConfigurationPlatforms) = preSolution
		Debug|Any CPU = Debug|Any CPU
		Debug|iPhone = Debug|iPhone
		Debug|iPhoneSimulator = Debug|iPhoneSimulator
		Release|Any CPU = Release|Any CPU
		Release|iPhone = Release|iPhone
		Release|iPhoneSimulator = Release|iPhoneSimulator
	EndGlobalSection
	GlobalSection(ProjectConfigurationPlatforms) = postSolution
		{53860FF7-FDBF-428D-8163-A0975BCA031F}.Debug|Any CPU.ActiveCfg = Debug|Any CPU
		{53860FF7-FDBF-428D-8163-A0975BCA031F}.Debug|Any CPU.Build.0 = Debug|Any CPU
		{53860FF7-FDBF-428D-8163-A0975BCA031F}.Debug|Any CPU.Deploy.0 = Debug|Any CPU
		{53860FF7-FDBF-428D-8163-A0975BCA031F}.Debug|iPhone.ActiveCfg = Debug|Any CPU
		{53860FF7-FDBF-428D-8163-A0975BCA031F}.Debug|iPhone.Build.0 = Debug|Any CPU
		{53860FF7-FDBF-428D-8163-A0975BCA031F}.Debug|iPhone.Deploy.0 = Debug|Any CPU
		{53860FF7-FDBF-428D-8163-A0975BCA031F}.Debug|iPhoneSimulator.ActiveCfg = Debug|Any CPU
		{53860FF7-FDBF-428D-8163-A0975BCA031F}.Debug|iPhoneSimulator.Build.0 = Debug|Any CPU
		{53860FF7-FDBF-428D-8163-A0975BCA031F}.Debug|iPhoneSimulator.Deploy.0 = Debug|Any CPU
		{53860FF7-FDBF-428D-8163-A0975BCA031F}.Release|Any CPU.ActiveCfg = Release|Any CPU
		{53860FF7-FDBF-428D-8163-A0975BCA031F}.Release|Any CPU.Build.0 = Release|Any CPU
		{53860FF7-FDBF-428D-8163-A0975BCA031F}.Release|Any CPU.Deploy.0 = Release|Any CPU
		{53860FF7-FDBF-428D-8163-A0975BCA031F}.Release|iPhone.ActiveCfg = Release|Any CPU
		{53860FF7-FDBF-428D-8163-A0975BCA031F}.Release|iPhone.Build.0 = Release|Any CPU
		{53860FF7-FDBF-428D-8163-A0975BCA031F}.Release|iPhone.Deploy.0 = Release|Any CPU
		{53860FF7-FDBF-428D-8163-A0975BCA031F}.Release|iPhoneSimulator.ActiveCfg = Release|Any CPU
		{53860FF7-FDBF-428D-8163-A0975BCA031F}.Release|iPhoneSimulator.Build.0 = Release|Any CPU
		{53860FF7-FDBF-428D-8163-A0975BCA031F}.Release|iPhoneSimulator.Deploy.0 = Release|Any CPU
		{DF1D4480-2A3B-42CA-B503-1544DB670668}.Debug|Any CPU.ActiveCfg = Debug|iPhone
		{DF1D4480-2A3B-42CA-B503-1544DB670668}.Debug|Any CPU.Build.0 = Debug|iPhone
		{DF1D4480-2A3B-42CA-B503-1544DB670668}.Debug|Any CPU.Deploy.0 = Debug|iPhone
		{DF1D4480-2A3B-42CA-B503-1544DB670668}.Debug|iPhone.ActiveCfg = Debug|iPhone
		{DF1D4480-2A3B-42CA-B503-1544DB670668}.Debug|iPhone.Build.0 = Debug|iPhone
		{DF1D4480-2A3B-42CA-B503-1544DB670668}.Debug|iPhone.Deploy.0 = Debug|iPhone
		{DF1D4480-2A3B-42CA-B503-1544DB670668}.Debug|iPhoneSimulator.ActiveCfg = Debug|iPhoneSimulator
		{DF1D4480-2A3B-42CA-B503-1544DB670668}.Debug|iPhoneSimulator.Build.0 = Debug|iPhoneSimulator
		{DF1D4480-2A3B-42CA-B503-1544DB670668}.Debug|iPhoneSimulator.Deploy.0 = Debug|iPhoneSimulator
		{DF1D4480-2A3B-42CA-B503-1544DB670668}.Release|Any CPU.ActiveCfg = Release|iPhoneSimulator
		{DF1D4480-2A3B-42CA-B503-1544DB670668}.Release|Any CPU.Build.0 = Release|iPhoneSimulator
		{DF1D4480-2A3B-42CA-B503-1544DB670668}.Release|Any CPU.Deploy.0 = Release|iPhoneSimulator
		{DF1D4480-2A3B-42CA-B503-1544DB670668}.Release|iPhone.ActiveCfg = Release|iPhone
		{DF1D4480-2A3B-42CA-B503-1544DB670668}.Release|iPhone.Build.0 = Release|iPhone
		{DF1D4480-2A3B-42CA-B503-1544DB670668}.Release|iPhone.Deploy.0 = Release|iPhone
		{DF1D4480-2A3B-42CA-B503-1544DB670668}.Release|iPhoneSimulator.ActiveCfg = Release|iPhoneSimulator
		{DF1D4480-2A3B-42CA-B503-1544DB670668}.Release|iPhoneSimulator.Build.0 = Release|iPhoneSimulator
		{DF1D4480-2A3B-42CA-B503-1544DB670668}.Release|iPhoneSimulator.Deploy.0 = Release|iPhoneSimulator
		{E07BB5B9-C1FC-4CA6-B37D-E51427BCB38A}.Debug|Any CPU.ActiveCfg = Debug|Any CPU
		{E07BB5B9-C1FC-4CA6-B37D-E51427BCB38A}.Debug|Any CPU.Build.0 = Debug|Any CPU
		{E07BB5B9-C1FC-4CA6-B37D-E51427BCB38A}.Debug|Any CPU.Deploy.0 = Debug|Any CPU
		{E07BB5B9-C1FC-4CA6-B37D-E51427BCB38A}.Debug|iPhone.ActiveCfg = Debug|Any CPU
		{E07BB5B9-C1FC-4CA6-B37D-E51427BCB38A}.Debug|iPhone.Build.0 = Debug|Any CPU
		{E07BB5B9-C1FC-4CA6-B37D-E51427BCB38A}.Debug|iPhone.Deploy.0 = Debug|Any CPU
		{E07BB5B9-C1FC-4CA6-B37D-E51427BCB38A}.Debug|iPhoneSimulator.ActiveCfg = Debug|Any CPU
		{E07BB5B9-C1FC-4CA6-B37D-E51427BCB38A}.Debug|iPhoneSimulator.Build.0 = Debug|Any CPU
		{E07BB5B9-C1FC-4CA6-B37D-E51427BCB38A}.Debug|iPhoneSimulator.Deploy.0 = Debug|Any CPU
		{E07BB5B9-C1FC-4CA6-B37D-E51427BCB38A}.Release|Any CPU.ActiveCfg = Release|Any CPU
		{E07BB5B9-C1FC-4CA6-B37D-E51427BCB38A}.Release|Any CPU.Build.0 = Release|Any CPU
		{E07BB5B9-C1FC-4CA6-B37D-E51427BCB38A}.Release|Any CPU.Deploy.0 = Release|Any CPU
		{E07BB5B9-C1FC-4CA6-B37D-E51427BCB38A}.Release|iPhone.ActiveCfg = Release|Any CPU
		{E07BB5B9-C1FC-4CA6-B37D-E51427BCB38A}.Release|iPhone.Build.0 = Release|Any CPU
		{E07BB5B9-C1FC-4CA6-B37D-E51427BCB38A}.Release|iPhone.Deploy.0 = Release|Any CPU
		{E07BB5B9-C1FC-4CA6-B37D-E51427BCB38A}.Release|iPhoneSimulator.ActiveCfg = Release|Any CPU
		{E07BB5B9-C1FC-4CA6-B37D-E51427BCB38A}.Release|iPhoneSimulator.Build.0 = Release|Any CPU
		{E07BB5B9-C1FC-4CA6-B37D-E51427BCB38A}.Release|iPhoneSimulator.Deploy.0 = Release|Any CPU
		{5F6FB87E-3EA5-4B2A-9D0B-C04518D2A8D7}.Debug|Any CPU.ActiveCfg = Debug|Any CPU
		{5F6FB87E-3EA5-4B2A-9D0B-C04518D2A8D7}.Debug|Any CPU.Build.0 = Debug|Any CPU
		{5F6FB87E-3EA5-4B2A-9D0B-C04518D2A8D7}.Debug|iPhone.ActiveCfg = Debug|Any CPU
		{5F6FB87E-3EA5-4B2A-9D0B-C04518D2A8D7}.Debug|iPhone.Build.0 = Debug|Any CPU
		{5F6FB87E-3EA5-4B2A-9D0B-C04518D2A8D7}.Debug|iPhoneSimulator.ActiveCfg = Debug|Any CPU
		{5F6FB87E-3EA5-4B2A-9D0B-C04518D2A8D7}.Debug|iPhoneSimulator.Build.0 = Debug|Any CPU
		{5F6FB87E-3EA5-4B2A-9D0B-C04518D2A8D7}.Release|Any CPU.ActiveCfg = Release|Any CPU
		{5F6FB87E-3EA5-4B2A-9D0B-C04518D2A8D7}.Release|Any CPU.Build.0 = Release|Any CPU
		{5F6FB87E-3EA5-4B2A-9D0B-C04518D2A8D7}.Release|iPhone.ActiveCfg = Release|Any CPU
		{5F6FB87E-3EA5-4B2A-9D0B-C04518D2A8D7}.Release|iPhone.Build.0 = Release|Any CPU
		{5F6FB87E-3EA5-4B2A-9D0B-C04518D2A8D7}.Release|iPhoneSimulator.ActiveCfg = Release|Any CPU
		{5F6FB87E-3EA5-4B2A-9D0B-C04518D2A8D7}.Release|iPhoneSimulator.Build.0 = Release|Any CPU
	EndGlobalSection
	GlobalSection(SolutionProperties) = preSolution
		HideSolutionNode = FALSE
	EndGlobalSection
	GlobalSection(ExtensibilityGlobals) = postSolution
		SolutionGuid = {74B4BA66-185D-4DCD-9760-52604D10AE29}
	EndGlobalSection
EndGlobal
